hash: 0fb7cac7faea58451eb6a0fc441d4447596a52c7b43c5ef2127a80969ed9c708
updated: 2019-07-09T11:38:17.901325-03:00
imports:
- name: github.com/dgrijalva/jwt-go
  version: 5e25c22bd5d6de03265bbe5462dcd162f85046f6
- name: github.com/joho/godotenv
  version: 23d116af351c84513e1946b527c88823e476be13
- name: github.com/labstack/echo
  version: 38772c686c76b501f94bd6cd5b77f5842e93b559
  subpackages:
  - middleware
- name: github.com/labstack/gommon
  version: d700b06ce5f78800a08e16a7288a4cca389a6e83
  subpackages:
  - bytes
  - color
  - log
  - random
- name: github.com/mattn/go-colorable
  version: c52ace132bf44798a21f16fdafaaafbf329519e2
- name: github.com/mattn/go-isatty
  version: da60ac76bf7019a8b005f8dd1ad9d1a0e6434155
- name: github.com/valyala/bytebufferpool
  version: cdfbe9377474227bb42120c1e22fd4433e7f69bf
- name: github.com/valyala/fasttemplate
  version: 8b5e4e491ab636663841c42ea3c5a9adebabaf36
- name: golang.org/x/crypto
  version: 4def268fd1a49955bfb3dda92fe3db4f924f2285
  subpackages:
  - acme
  - acme/autocert
- name: golang.org/x/net
  version: da137c7871d730100384dbcf36e6f8fa493aef5b
  subpackages:
  - idna
- name: golang.org/x/sys
  version: 04f50cda93cbb67f2afa353c52f342100e80e625
  subpackages:
  - unix
- name: golang.org/x/text
  version: 342b2e1fbaa52c93f31447ad2c6abc048c63e475
  subpackages:
  - secure/bidirule
  - transform
  - unicode/bidi
  - unicode/norm
- name: s32x.com/httpclient
  version: 1edd92c410ce1e5cdcd11be9f23d6a2d89e5c2a4
testImports:
- name: github.com/davecgh/go-spew
  version: d8f796af33cc11cb798c1aaeb27a4ebc5099927d
  subpackages:
  - spew
- name: github.com/kr/pretty
  version: a0c635c0aede2cb0c2f8bb0f0d70485fbdd11bd4
- name: github.com/kr/text
  version: e2ffdb16a802fe2bb95e2e35ff34f0e53aeef34f
- name: github.com/pmezard/go-difflib
  version: 5d4384ee4fb2527b0a1256a821ebfc92f91efefc
  subpackages:
  - difflib
- name: github.com/stretchr/testify
  version: ae5876d09ad6d0d68dff8d969e518db26e0e7969
  subpackages:
  - assert
- name: gopkg.in/check.v1
  version: 788fd78401277ebd861206a03c884797c6ec5541
